
Microsoft Visual Studio Solution File, Format Version 12.00
# Visual Studio 15
VisualStudioVersion = 15.0.36217.24
MinimumVisualStudioVersion = 10.0.40219.1
Project("{FAE04EC0-301F-11D3-BF4B-00C04F79EFBC}") = "SBOAddonCoreTax", "SBOAddonCoreTax\SBOAddonCoreTax.csproj", "{044E6E42-4592-49F9-904D-07922710C867}"
EndProject
Global
	GlobalSection(SolutionConfigurationPlatforms) = preSolution
		Debug|Any CPU = Debug|Any CPU
		Release|Any CPU = Release|Any CPU
	EndGlobalSection
	GlobalSection(ProjectConfigurationPlatforms) = postSolution
		{044E6E42-4592-49F9-904D-07922710C867}.Debug|Any CPU.ActiveCfg = Debug|Any CPU
		{044E6E42-4592-49F9-904D-07922710C867}.Debug|Any CPU.Build.0 = Debug|Any CPU
		{044E6E42-4592-49F9-904D-07922710C867}.Release|Any CPU.ActiveCfg = Release|Any CPU
		{044E6E42-4592-49F9-904D-07922710C867}.Release|Any CPU.Build.0 = Release|Any CPU
	EndGlobalSection
	GlobalSection(SolutionProperties) = preSolution
		HideSolutionNode = FALSE
	EndGlobalSection
	GlobalSection(ExtensibilityGlobals) = postSolution
		SolutionGuid = {C897B2F6-EAE3-4C04-81D1-7E99BDCE31D4}
	EndGlobalSection
EndGlobal
